{
    "name": "site",
    "lockfileVersion": 3,
    "requires": true,
    "packages": {
        "": {
            "dependencies": {
                "@microsoft/applicationinsights-react-js": "^17.3.5",
                "@microsoft/applicationinsights-web": "^3.3.5"
            }
        },
        "node_modules/@microsoft/applicationinsights-analytics-js": {
            "version": "3.3.5",
            "resolved": "https://registry.npmjs.org/@microsoft/applicationinsights-analytics-js/-/applicationinsights-analytics-js-3.3.5.tgz",
            "integrity": "sha512-79EfjQpch2x/B6Ae9dKQixwewWkPSR5vF3KtiJtTZV5udQdlgrcVZgtk3RlqdSaWEMC/xcwBXl7bCiKntd+v/g==",
            "license": "MIT",
            "dependencies": {
                "@microsoft/applicationinsights-common": "3.3.5",
                "@microsoft/applicationinsights-core-js": "3.3.5",
                "@microsoft/applicationinsights-shims": "3.0.1",
                "@microsoft/dynamicproto-js": "^2.0.3",
                "@nevware21/ts-utils": ">= 0.11.6 < 2.x"
            },
            "peerDependencies": {
                "tslib": ">= 1.0.0"
            }
        },
        "node_modules/@microsoft/applicationinsights-cfgsync-js": {
            "version": "3.3.5",
            "resolved": "https://registry.npmjs.org/@microsoft/applicationinsights-cfgsync-js/-/applicationinsights-cfgsync-js-3.3.5.tgz",
            "integrity": "sha512-18Kct8zgtKq6Vyl1uzGQlAHFZ2D5bJWvGsDkC4OsEduqAHRfA5mfizvtmHJoTTHgTg9mPvdTLDcSpuntndEu4g==",
            "license": "MIT",
            "dependencies": {
                "@microsoft/applicationinsights-common": "3.3.5",
                "@microsoft/applicationinsights-core-js": "3.3.5",
                "@microsoft/applicationinsights-shims": "3.0.1",
                "@microsoft/dynamicproto-js": "^2.0.3",
                "@nevware21/ts-async": ">= 0.5.4 < 2.x",
                "@nevware21/ts-utils": ">= 0.11.6 < 2.x"
            },
            "peerDependencies": {
                "tslib": ">= 1.0.0"
            }
        },
        "node_modules/@microsoft/applicationinsights-channel-js": {
            "version": "3.3.5",
            "resolved": "https://registry.npmjs.org/@microsoft/applicationinsights-channel-js/-/applicationinsights-channel-js-3.3.5.tgz",
            "integrity": "sha512-q9iE5alabgddwnxIDxgYLwC/3OMjYNOPk87p3jY+KxO0UmJGhiv7C1uI62zpx4AHBGT2+q6pMbIZdgld9TmMrw==",
            "license": "MIT",
            "dependencies": {
                "@microsoft/applicationinsights-common": "3.3.5",
                "@microsoft/applicationinsights-core-js": "3.3.5",
                "@microsoft/applicationinsights-shims": "3.0.1",
                "@microsoft/dynamicproto-js": "^2.0.3",
                "@nevware21/ts-async": ">= 0.5.4 < 2.x",
                "@nevware21/ts-utils": ">= 0.11.6 < 2.x"
            },
            "peerDependencies": {
                "tslib": ">= 1.0.0"
            }
        },
        "node_modules/@microsoft/applicationinsights-common": {
            "version": "3.3.5",
            "resolved": "https://registry.npmjs.org/@microsoft/applicationinsights-common/-/applicationinsights-common-3.3.5.tgz",
            "integrity": "sha512-zZgMOY3ePBhjTrZ8+MXwAb0Y+Yi4iVDKOqIaz/KoCmj1BxX5JKFgaqYiN8Tvu5O0YPJpEKS4coYXRHbStDm/Hw==",
            "license": "MIT",
            "dependencies": {
                "@microsoft/applicationinsights-core-js": "3.3.5",
                "@microsoft/applicationinsights-shims": "3.0.1",
                "@microsoft/dynamicproto-js": "^2.0.3",
                "@nevware21/ts-utils": ">= 0.11.6 < 2.x"
            },
            "peerDependencies": {
                "tslib": ">= 1.0.0"
            }
        },
        "node_modules/@microsoft/applicationinsights-core-js": {
            "version": "3.3.5",
            "resolved": "https://registry.npmjs.org/@microsoft/applicationinsights-core-js/-/applicationinsights-core-js-3.3.5.tgz",
            "integrity": "sha512-8Gg18W5eOE3usXtkZ5iOqWAMU97hyjb7Oi1CtkWmxEoMUHMlQmqUD62n9BmVq/s5YfbUihGZHxc0keMJy0txAA==",
            "license": "MIT",
            "dependencies": {
                "@microsoft/applicationinsights-shims": "3.0.1",
                "@microsoft/dynamicproto-js": "^2.0.3",
                "@nevware21/ts-async": ">= 0.5.4 < 2.x",
                "@nevware21/ts-utils": ">= 0.11.6 < 2.x"
            },
            "peerDependencies": {
                "tslib": ">= 1.0.0"
            }
        },
        "node_modules/@microsoft/applicationinsights-dependencies-js": {
            "version": "3.3.5",
            "resolved": "https://registry.npmjs.org/@microsoft/applicationinsights-dependencies-js/-/applicationinsights-dependencies-js-3.3.5.tgz",
            "integrity": "sha512-6yCrMUjgzzGHelj4UcEftFelcBUoEXmmLP7cuur/+MgfULiNUNbhIcyM0NzehbzDU2h51mQmMapwdw6R7goKFQ==",
            "license": "MIT",
            "dependencies": {
                "@microsoft/applicationinsights-common": "3.3.5",
                "@microsoft/applicationinsights-core-js": "3.3.5",
                "@microsoft/applicationinsights-shims": "3.0.1",
                "@microsoft/dynamicproto-js": "^2.0.3",
                "@nevware21/ts-async": ">= 0.5.4 < 2.x",
                "@nevware21/ts-utils": ">= 0.11.6 < 2.x"
            },
            "peerDependencies": {
                "tslib": ">= 1.0.0"
            }
        },
        "node_modules/@microsoft/applicationinsights-properties-js": {
            "version": "3.3.5",
            "resolved": "https://registry.npmjs.org/@microsoft/applicationinsights-properties-js/-/applicationinsights-properties-js-3.3.5.tgz",
            "integrity": "sha512-5pPCys+9CVaW9PlEon7HmGPeNynUch5MZzj4x884TTpl1idKI9GRNVYRpzhivwabaMNvvQIqLBpIMacaD1Xc0w==",
            "license": "MIT",
            "dependencies": {
                "@microsoft/applicationinsights-common": "3.3.5",
                "@microsoft/applicationinsights-core-js": "3.3.5",
                "@microsoft/applicationinsights-shims": "3.0.1",
                "@microsoft/dynamicproto-js": "^2.0.3",
                "@nevware21/ts-utils": ">= 0.11.6 < 2.x"
            },
            "peerDependencies": {
                "tslib": ">= 1.0.0"
            }
        },
        "node_modules/@microsoft/applicationinsights-react-js": {
            "version": "17.3.5",
            "resolved": "https://registry.npmjs.org/@microsoft/applicationinsights-react-js/-/applicationinsights-react-js-17.3.5.tgz",
            "integrity": "sha512-Du5KXN9CWBr4tAC/H8ShcAZmaxZ9wzM6CmWgH1FCaxTHnBFb6Pu21JJHwwgku+iqkmKMlqfV0qOeOzJn6FB3DQ==",
            "license": "MIT",
            "dependencies": {
                "@microsoft/applicationinsights-common": "^3.3.5",
                "@microsoft/applicationinsights-core-js": "^3.3.5",
                "@microsoft/applicationinsights-shims": "^3.0.1",
                "@microsoft/dynamicproto-js": "^2.0.3",
                "@nevware21/ts-utils": ">= 0.11.3 < 2.x"
            },
            "peerDependencies": {
                "history": ">= 4.10.1",
                "react": ">= 17.0.1",
                "tslib": "*"
            }
        },
        "node_modules/@microsoft/applicationinsights-shims": {
            "version": "3.0.1",
            "resolved": "https://registry.npmjs.org/@microsoft/applicationinsights-shims/-/applicationinsights-shims-3.0.1.tgz",
            "integrity": "sha512-DKwboF47H1nb33rSUfjqI6ryX29v+2QWcTrRvcQDA32AZr5Ilkr7whOOSsD1aBzwqX0RJEIP1Z81jfE3NBm/Lg==",
            "license": "MIT",
            "dependencies": {
                "@nevware21/ts-utils": ">= 0.9.4 < 2.x"
            }
        },
        "node_modules/@microsoft/applicationinsights-web": {
            "version": "3.3.5",
            "resolved": "https://registry.npmjs.org/@microsoft/applicationinsights-web/-/applicationinsights-web-3.3.5.tgz",
            "integrity": "sha512-lf1eqFXDL1m7ObychpecTChiUXtMltTxekETJjp05nK8X618mmfcnTCdJgWSvmAG2m09GNz6Wd26omJlNknSdQ==",
            "license": "MIT",
            "dependencies": {
                "@microsoft/applicationinsights-analytics-js": "3.3.5",
                "@microsoft/applicationinsights-cfgsync-js": "3.3.5",
                "@microsoft/applicationinsights-channel-js": "3.3.5",
                "@microsoft/applicationinsights-common": "3.3.5",
                "@microsoft/applicationinsights-core-js": "3.3.5",
                "@microsoft/applicationinsights-dependencies-js": "3.3.5",
                "@microsoft/applicationinsights-properties-js": "3.3.5",
                "@microsoft/applicationinsights-shims": "3.0.1",
                "@microsoft/dynamicproto-js": "^2.0.3",
                "@nevware21/ts-async": ">= 0.5.4 < 2.x",
                "@nevware21/ts-utils": ">= 0.11.6 < 2.x"
            },
            "peerDependencies": {
                "tslib": ">= 1.0.0"
            }
        },
        "node_modules/@microsoft/dynamicproto-js": {
            "version": "2.0.3",
            "resolved": "https://registry.npmjs.org/@microsoft/dynamicproto-js/-/dynamicproto-js-2.0.3.tgz",
            "integrity": "sha512-JTWTU80rMy3mdxOjjpaiDQsTLZ6YSGGqsjURsY6AUQtIj0udlF/jYmhdLZu8693ZIC0T1IwYnFa0+QeiMnziBA==",
            "license": "MIT",
            "dependencies": {
                "@nevware21/ts-utils": ">= 0.10.4 < 2.x"
            }
        },
        "node_modules/@nevware21/ts-async": {
            "version": "0.5.4",
            "resolved": "https://registry.npmjs.org/@nevware21/ts-async/-/ts-async-0.5.4.tgz",
            "integrity": "sha512-IBTyj29GwGlxfzXw2NPnzty+w0Adx61Eze1/lknH/XIVdxtF9UnOpk76tnrHXWa6j84a1RR9hsOcHQPFv9qJjA==",
            "license": "MIT",
            "dependencies": {
                "@nevware21/ts-utils": ">= 0.11.6 < 2.x"
            }
        },
        "node_modules/@nevware21/ts-utils": {
            "version": "0.11.6",
            "resolved": "https://registry.npmjs.org/@nevware21/ts-utils/-/ts-utils-0.11.6.tgz",
            "integrity": "sha512-OUUJTh3fnaUSzg9DEHgv3d7jC+DnPL65mIO7RaR+jWve7+MmcgIvF79gY97DPQ4frH+IpNR78YAYd/dW4gK3kg==",
            "license": "MIT"
        }
    }
}
